{
  "name": "license-checker-cli",
  "version": "1.0.0",
  "lockfileVersion": 1,
  "requires": true,
  "dependencies": {
    "abbrev": {
      "version": "1.1.1",
      "resolved": "https://registry.npmjs.org/abbrev/-/abbrev-1.1.1.tgz",
      "integrity": "sha512-nne9/IiQ/hzIhY6pdDnbBtz7DjPTKrY00P/zvPSm5pOFkl6xuGrGnXn/VtTNNfNtAfZ9/1RtehkszU9qcTii0Q=="
    },
    "ansi-regex": {
      "version": "2.1.1",
      "resolved": "https://registry.npmjs.org/ansi-regex/-/ansi-regex-2.1.1.tgz",
      "integrity": "sha1-w7M6te42DYbg5ijwRorn7yfWVN8="
    },
    "ansi-styles": {
      "version": "1.1.0",
      "resolved": "https://registry.npmjs.org/ansi-styles/-/ansi-styles-1.1.0.tgz",
      "integrity": "sha1-6uy/Zs1waIJ2Cy9GkVgrj1XXp94="
    },
    "asap": {
      "version": "2.0.6",
      "resolved": "https://registry.npmjs.org/asap/-/asap-2.0.6.tgz",
      "integrity": "sha1-5QNHYR1+aQlDIIu9r+vLwvuGbUY="
    },
    "balanced-match": {
      "version": "1.0.0",
      "resolved": "https://registry.npmjs.org/balanced-match/-/balanced-match-1.0.0.tgz",
      "integrity": "sha1-ibTRmasr7kneFk6gK4nORi1xt2c="
    },
    "brace-expansion": {
      "version": "1.1.8",
      "resolved": "https://registry.npmjs.org/brace-expansion/-/brace-expansion-1.1.8.tgz",
      "integrity": "sha1-wHshHHyVLsH479Uad+8NHTmQopI=",
      "requires": {
        "balanced-match": "1.0.0",
        "concat-map": "0.0.1"
      }
    },
    "builtin-modules": {
      "version": "1.1.1",
      "resolved": "https://registry.npmjs.org/builtin-modules/-/builtin-modules-1.1.1.tgz",
      "integrity": "sha1-Jw8HbFpywC9bZaR9+Uxf46J4iS8="
    },
    "chalk": {
      "version": "0.5.1",
      "resolved": "https://registry.npmjs.org/chalk/-/chalk-0.5.1.tgz",
      "integrity": "sha1-Zjs6ZItotV0EaQ1JFnqoN4WPIXQ=",
      "requires": {
        "ansi-styles": "1.1.0",
        "escape-string-regexp": "1.0.5",
        "has-ansi": "0.1.0",
        "strip-ansi": "0.3.0",
        "supports-color": "0.2.0"
      },
      "dependencies": {
        "ansi-regex": {
          "version": "0.2.1",
          "resolved": "https://registry.npmjs.org/ansi-regex/-/ansi-regex-0.2.1.tgz",
          "integrity": "sha1-DY6UaWej2BQ/k+JOKYUl/BsiNfk="
        },
        "strip-ansi": {
          "version": "0.3.0",
          "resolved": "https://registry.npmjs.org/strip-ansi/-/strip-ansi-0.3.0.tgz",
          "integrity": "sha1-JfSOoiynkYfzF0pNuHWTR7sSYiA=",
          "requires": {
            "ansi-regex": "0.2.1"
          }
        }
      }
    },
    "cli-table2": {
      "version": "0.2.0",
      "resolved": "https://registry.npmjs.org/cli-table2/-/cli-table2-0.2.0.tgz",
      "integrity": "sha1-LR738hig54biFFQFYtS9F3/jLZc=",
      "requires": {
        "colors": "1.1.2",
        "lodash": "3.10.1",
        "string-width": "1.0.2"
      }
    },
    "code-point-at": {
      "version": "1.1.0",
      "resolved": "https://registry.npmjs.org/code-point-at/-/code-point-at-1.1.0.tgz",
      "integrity": "sha1-DQcLTQQ6W+ozovGkDi7bPZpMz3c="
    },
    "colors": {
      "version": "1.1.2",
      "resolved": "https://registry.npmjs.org/colors/-/colors-1.1.2.tgz",
      "integrity": "sha1-FopHAXVran9RoSzgyXv6KMCE7WM=",
      "optional": true
    },
    "concat-map": {
      "version": "0.0.1",
      "resolved": "https://registry.npmjs.org/concat-map/-/concat-map-0.0.1.tgz",
      "integrity": "sha1-2Klr13/Wjfd5OnMDajug1UBdR3s="
    },
    "debug": {
      "version": "2.6.9",
      "resolved": "https://registry.npmjs.org/debug/-/debug-2.6.9.tgz",
      "integrity": "sha512-bC7ElrdJaJnPbAP+1EotYvqZsb3ecl5wi6Bfi6BJTUcNowp6cvspg0jXznRTKDjm/E7AdgFBVeAPVMNcKGsHMA==",
      "requires": {
        "ms": "2.0.0"
      }
    },
    "debuglog": {
      "version": "1.0.1",
      "resolved": "https://registry.npmjs.org/debuglog/-/debuglog-1.0.1.tgz",
      "integrity": "sha1-qiT/uaw9+aI1GDfPstJ5NgzXhJI="
    },
    "dezalgo": {
      "version": "1.0.3",
      "resolved": "https://registry.npmjs.org/dezalgo/-/dezalgo-1.0.3.tgz",
      "integrity": "sha1-f3Qt4Gb8dIvI24IFad3c5Jvw1FY=",
      "requires": {
        "asap": "2.0.6",
        "wrappy": "1.0.2"
      }
    },
    "escape-string-regexp": {
      "version": "1.0.5",
      "resolved": "https://registry.npmjs.org/escape-string-regexp/-/escape-string-regexp-1.0.5.tgz",
      "integrity": "sha1-G2HAViGQqN/2rjuyzwIAyhMLhtQ="
    },
    "fs.realpath": {
      "version": "1.0.0",
      "resolved": "https://registry.npmjs.org/fs.realpath/-/fs.realpath-1.0.0.tgz",
      "integrity": "sha1-FQStJSMVjKpA20onh8sBQRmU6k8="
    },
    "glob": {
      "version": "7.1.2",
      "resolved": "https://registry.npmjs.org/glob/-/glob-7.1.2.tgz",
      "integrity": "sha512-MJTUg1kjuLeQCJ+ccE4Vpa6kKVXkPYJ2mOCQyUuKLcLQsdrMCpBPUi8qVE6+YuaJkozeA9NusTAw3hLr8Xe5EQ==",
      "requires": {
        "fs.realpath": "1.0.0",
        "inflight": "1.0.6",
        "inherits": "2.0.3",
        "minimatch": "3.0.4",
        "once": "1.4.0",
        "path-is-absolute": "1.0.1"
      }
    },
    "graceful-fs": {
      "version": "4.1.11",
      "resolved": "https://registry.npmjs.org/graceful-fs/-/graceful-fs-4.1.11.tgz",
      "integrity": "sha1-Dovf5NHduIVNZOBOp8AOKgJuVlg="
    },
    "has-ansi": {
      "version": "0.1.0",
      "resolved": "https://registry.npmjs.org/has-ansi/-/has-ansi-0.1.0.tgz",
      "integrity": "sha1-hPJlqujA5qiKEtcCKJS3VoiUxi4=",
      "requires": {
        "ansi-regex": "0.2.1"
      },
      "dependencies": {
        "ansi-regex": {
          "version": "0.2.1",
          "resolved": "https://registry.npmjs.org/ansi-regex/-/ansi-regex-0.2.1.tgz",
          "integrity": "sha1-DY6UaWej2BQ/k+JOKYUl/BsiNfk="
        }
      }
    },
    "hosted-git-info": {
      "version": "2.5.0",
      "resolved": "https://registry.npmjs.org/hosted-git-info/-/hosted-git-info-2.5.0.tgz",
      "integrity": "sha512-pNgbURSuab90KbTqvRPsseaTxOJCZBD0a7t+haSN33piP9cCM4l0CqdzAif2hUqm716UovKB2ROmiabGAKVXyg=="
    },
    "inflight": {
      "version": "1.0.6",
      "resolved": "https://registry.npmjs.org/inflight/-/inflight-1.0.6.tgz",
      "integrity": "sha1-Sb1jMdfQLQwJvJEKEHW6gWW1bfk=",
      "requires": {
        "once": "1.4.0",
        "wrappy": "1.0.2"
      }
    },
    "inherits": {
      "version": "2.0.3",
      "resolved": "https://registry.npmjs.org/inherits/-/inherits-2.0.3.tgz",
      "integrity": "sha1-Yzwsg+PaQqUC9SRmAiSA9CCCYd4="
    },
    "is-builtin-module": {
      "version": "1.0.0",
      "resolved": "https://registry.npmjs.org/is-builtin-module/-/is-builtin-module-1.0.0.tgz",
      "integrity": "sha1-VAVy0096wxGfj3bDDLwbHgN6/74=",
      "requires": {
        "builtin-modules": "1.1.1"
      }
    },
    "is-fullwidth-code-point": {
      "version": "1.0.0",
      "resolved": "https://registry.npmjs.org/is-fullwidth-code-point/-/is-fullwidth-code-point-1.0.0.tgz",
      "integrity": "sha1-754xOG8DGn8NZDr4L95QxFfvAMs=",
      "requires": {
        "number-is-nan": "1.0.1"
      }
    },
    "json-parse-better-errors": {
      "version": "1.0.1",
      "resolved": "https://registry.npmjs.org/json-parse-better-errors/-/json-parse-better-errors-1.0.1.tgz",
      "integrity": "sha512-xyQpxeWWMKyJps9CuGJYeng6ssI5bpqS9ltQpdVQ90t4ql6NdnxFKh95JcRt2cun/DjMVNrdjniLPuMA69xmCw=="
    },
    "license-checker": {
      "version": "16.0.0",
      "resolved": "https://registry.npmjs.org/license-checker/-/license-checker-16.0.0.tgz",
      "integrity": "sha512-TAZDfuhEM1oZcBXICOeTBMt+bXIHllvoKHZA658YgPLzcnT45MS2Tjqqwkd5ctkHOlKJ8fTdl5dft2YTCe/4LQ==",
      "requires": {
        "chalk": "0.5.1",
        "debug": "2.6.9",
        "mkdirp": "0.3.5",
        "nopt": "2.2.1",
        "read-installed": "4.0.3",
        "semver": "5.5.0",
        "spdx": "0.5.1",
        "spdx-correct": "2.0.4",
        "spdx-satisfies": "0.1.3",
        "treeify": "1.0.1"
      }
    },
    "lodash": {
      "version": "3.10.1",
      "resolved": "https://registry.npmjs.org/lodash/-/lodash-3.10.1.tgz",
      "integrity": "sha1-W/Rejkm6QYnhfUgnid/RW9FAt7Y="
    },
    "minimatch": {
      "version": "3.0.4",
      "resolved": "https://registry.npmjs.org/minimatch/-/minimatch-3.0.4.tgz",
      "integrity": "sha512-yJHVQEhyqPLUTgt9B83PXu6W3rx4MvvHvSUvToogpwoGDOUQ+yDrR0HRot+yOCdCO7u4hX3pWft6kWBBcqh0UA==",
      "requires": {
        "brace-expansion": "1.1.8"
      }
    },
    "mkdirp": {
      "version": "0.3.5",
      "resolved": "https://registry.npmjs.org/mkdirp/-/mkdirp-0.3.5.tgz",
      "integrity": "sha1-3j5fiWHIjHh+4TaN+EmsRBPsqNc="
    },
    "ms": {
      "version": "2.0.0",
      "resolved": "https://registry.npmjs.org/ms/-/ms-2.0.0.tgz",
      "integrity": "sha1-VgiurfwAvmwpAd9fmGF4jeDVl8g="
    },
    "nopt": {
      "version": "2.2.1",
      "resolved": "https://registry.npmjs.org/nopt/-/nopt-2.2.1.tgz",
      "integrity": "sha1-KqCbfRdoSHs7ianFqlIzW/8Lrqc=",
      "requires": {
        "abbrev": "1.1.1"
      }
    },
    "normalize-package-data": {
      "version": "2.4.0",
      "resolved": "https://registry.npmjs.org/normalize-package-data/-/normalize-package-data-2.4.0.tgz",
      "integrity": "sha512-9jjUFbTPfEy3R/ad/2oNbKtW9Hgovl5O1FvFWKkKblNXoN/Oou6+9+KKohPK13Yc3/TyunyWhJp6gvRNR/PPAw==",
      "requires": {
        "hosted-git-info": "2.5.0",
        "is-builtin-module": "1.0.0",
        "semver": "5.5.0",
        "validate-npm-package-license": "3.0.1"
      }
    },
    "number-is-nan": {
      "version": "1.0.1",
      "resolved": "https://registry.npmjs.org/number-is-nan/-/number-is-nan-1.0.1.tgz",
      "integrity": "sha1-CXtgK1NCKlIsGvuHkDGDNpQaAR0="
    },
    "once": {
      "version": "1.4.0",
      "resolved": "https://registry.npmjs.org/once/-/once-1.4.0.tgz",
      "integrity": "sha1-WDsap3WWHUsROsF9nFC6753Xa9E=",
      "requires": {
        "wrappy": "1.0.2"
      }
    },
    "path-is-absolute": {
      "version": "1.0.1",
      "resolved": "https://registry.npmjs.org/path-is-absolute/-/path-is-absolute-1.0.1.tgz",
      "integrity": "sha1-F0uSaHNVNP+8es5r9TpanhtcX18="
    },
    "read-installed": {
      "version": "4.0.3",
      "resolved": "https://registry.npmjs.org/read-installed/-/read-installed-4.0.3.tgz",
      "integrity": "sha1-/5uLZ/GH0eTCm5/rMfayI6zRkGc=",
      "requires": {
        "debuglog": "1.0.1",
        "graceful-fs": "4.1.11",
        "read-package-json": "2.0.12",
        "readdir-scoped-modules": "1.0.2",
        "semver": "5.5.0",
        "slide": "1.1.6",
        "util-extend": "1.0.3"
      }
    },
    "read-package-json": {
      "version": "2.0.12",
      "resolved": "https://registry.npmjs.org/read-package-json/-/read-package-json-2.0.12.tgz",
      "integrity": "sha512-m7/I0+tP6D34EVvSlzCtuVA4D/dHL6OpLcn2e4XVP5X57pCKGUy1JjRSBVKHWpB+vUU91sL85h84qX0MdXzBSw==",
      "requires": {
        "glob": "7.1.2",
        "graceful-fs": "4.1.11",
        "json-parse-better-errors": "1.0.1",
        "normalize-package-data": "2.4.0",
        "slash": "1.0.0"
      }
    },
    "readdir-scoped-modules": {
      "version": "1.0.2",
      "resolved": "https://registry.npmjs.org/readdir-scoped-modules/-/readdir-scoped-modules-1.0.2.tgz",
      "integrity": "sha1-n6+jfShr5dksuuve4DDcm19AZ0c=",
      "requires": {
        "debuglog": "1.0.1",
        "dezalgo": "1.0.3",
        "graceful-fs": "4.1.11",
        "once": "1.4.0"
      }
    },
    "semver": {
      "version": "5.5.0",
      "resolved": "https://registry.npmjs.org/semver/-/semver-5.5.0.tgz",
      "integrity": "sha512-4SJ3dm0WAwWy/NVeioZh5AntkdJoWKxHxcmyP622fOkgHa4z3R0TdBJICINyaSDE6uNwVc8gZr+ZinwZAH4xIA=="
    },
    "slash": {
      "version": "1.0.0",
      "resolved": "https://registry.npmjs.org/slash/-/slash-1.0.0.tgz",
      "integrity": "sha1-xB8vbDn8FtHNF61LXYlhFK5HDVU="
    },
    "slide": {
      "version": "1.1.6",
      "resolved": "https://registry.npmjs.org/slide/-/slide-1.1.6.tgz",
      "integrity": "sha1-VusCfWW00tzmyy4tMsTUr8nh1wc="
    },
    "spdx": {
      "version": "0.5.1",
      "resolved": "https://registry.npmjs.org/spdx/-/spdx-0.5.1.tgz",
      "integrity": "sha1-02wnUIi0jXWpBGzUSoOM5LUzmZg=",
      "requires": {
        "spdx-exceptions": "1.0.5",
        "spdx-license-ids": "1.2.2"
      }
    },
    "spdx-compare": {
      "version": "0.1.2",
      "resolved": "https://registry.npmjs.org/spdx-compare/-/spdx-compare-0.1.2.tgz",
      "integrity": "sha1-sGrz6jSvdDfZGp9Enq8tLpPDyPs=",
      "requires": {
        "spdx-expression-parse": "1.0.4",
        "spdx-ranges": "1.0.1"
      }
    },
    "spdx-correct": {
      "version": "2.0.4",
      "resolved": "https://registry.npmjs.org/spdx-correct/-/spdx-correct-2.0.4.tgz",
      "integrity": "sha512-c+4gPpt9YDhz7cHlz5UrsHzxxRi4ksclxnEEKsuGT9JdwSC+ZNmsGbYRzzgxyZaBYpcWnlu+4lPcdLKx4DOCmA==",
      "requires": {
        "spdx-expression-parse": "2.0.2",
        "spdx-license-ids": "2.0.1"
      },
      "dependencies": {
        "spdx-exceptions": {
          "version": "2.1.0",
          "resolved": "https://registry.npmjs.org/spdx-exceptions/-/spdx-exceptions-2.1.0.tgz",
          "integrity": "sha512-4K1NsmrlCU1JJgUrtgEeTVyfx8VaYea9J9LvARxhbHtVtohPs/gFGG5yy49beySjlIMhhXZ4QqujIZEfS4l6Cg=="
        },
        "spdx-expression-parse": {
          "version": "2.0.2",
          "resolved": "https://registry.npmjs.org/spdx-expression-parse/-/spdx-expression-parse-2.0.2.tgz",
          "integrity": "sha512-oFxOkWCfFS0ltNp0H66gXlU4NF6bxg7RkoTYR0413t+yTY9zyj+AIWsjtN8dcVp6703ijDYBWBIARlJ7DkyP9Q==",
          "requires": {
            "spdx-exceptions": "2.1.0",
            "spdx-license-ids": "2.0.1"
          }
        },
        "spdx-license-ids": {
          "version": "2.0.1",
          "resolved": "https://registry.npmjs.org/spdx-license-ids/-/spdx-license-ids-2.0.1.tgz",
          "integrity": "sha1-AgF7zDU07k/+9tWNIOfT6aHDyOw="
        }
      }
    },
    "spdx-exceptions": {
      "version": "1.0.5",
      "resolved": "https://registry.npmjs.org/spdx-exceptions/-/spdx-exceptions-1.0.5.tgz",
      "integrity": "sha1-nSGsTaS9tx0GD7dOWmdTHQMsu6Y="
    },
    "spdx-expression-parse": {
      "version": "1.0.4",
      "resolved": "https://registry.npmjs.org/spdx-expression-parse/-/spdx-expression-parse-1.0.4.tgz",
      "integrity": "sha1-m98vIOH0DtRH++JzJmGR/O1RYmw="
    },
    "spdx-license-ids": {
      "version": "1.2.2",
      "resolved": "https://registry.npmjs.org/spdx-license-ids/-/spdx-license-ids-1.2.2.tgz",
      "integrity": "sha1-yd96NCRZSt5r0RkA1ZZpbcBrrFc="
    },
    "spdx-ranges": {
      "version": "1.0.1",
      "resolved": "https://registry.npmjs.org/spdx-ranges/-/spdx-ranges-1.0.1.tgz",
      "integrity": "sha1-D07se46kjtIC43S7iULo0Y3AET4="
    },
    "spdx-satisfies": {
      "version": "0.1.3",
      "resolved": "https://registry.npmjs.org/spdx-satisfies/-/spdx-satisfies-0.1.3.tgz",
      "integrity": "sha1-Z6HydOYRXUquKK/kdNt2FkvhC9w=",
      "requires": {
        "spdx-compare": "0.1.2",
        "spdx-expression-parse": "1.0.4"
      }
    },
    "string-width": {
      "version": "1.0.2",
      "resolved": "https://registry.npmjs.org/string-width/-/string-width-1.0.2.tgz",
      "integrity": "sha1-EYvfW4zcUaKn5w0hHgfisLmxB9M=",
      "requires": {
        "code-point-at": "1.1.0",
        "is-fullwidth-code-point": "1.0.0",
        "strip-ansi": "3.0.1"
      }
    },
    "strip-ansi": {
      "version": "3.0.1",
      "resolved": "https://registry.npmjs.org/strip-ansi/-/strip-ansi-3.0.1.tgz",
      "integrity": "sha1-ajhfuIU9lS1f8F0Oiq+UJ43GPc8=",
      "requires": {
        "ansi-regex": "2.1.1"
      }
    },
    "supports-color": {
      "version": "0.2.0",
      "resolved": "https://registry.npmjs.org/supports-color/-/supports-color-0.2.0.tgz",
      "integrity": "sha1-2S3iaU6z9nMjlz1649i1W0wiGQo="
    },
    "treeify": {
      "version": "1.0.1",
      "resolved": "https://registry.npmjs.org/treeify/-/treeify-1.0.1.tgz",
      "integrity": "sha1-abPNAiAioWhCTnz6HO1EyTnT6y8="
    },
    "util-extend": {
      "version": "1.0.3",
      "resolved": "https://registry.npmjs.org/util-extend/-/util-extend-1.0.3.tgz",
      "integrity": "sha1-p8IW0mdUUWljeztu3GypEZ4v+T8="
    },
    "validate-npm-package-license": {
      "version": "3.0.1",
      "resolved": "https://registry.npmjs.org/validate-npm-package-license/-/validate-npm-package-license-3.0.1.tgz",
      "integrity": "sha1-KAS6vnEq0zeUWaz74kdGqywwP7w=",
      "requires": {
        "spdx-correct": "1.0.2",
        "spdx-expression-parse": "1.0.4"
      },
      "dependencies": {
        "spdx-correct": {
          "version": "1.0.2",
          "resolved": "https://registry.npmjs.org/spdx-correct/-/spdx-correct-1.0.2.tgz",
          "integrity": "sha1-SzBz2TP/UfORLwOsVRlJikFQ20A=",
          "requires": {
            "spdx-license-ids": "1.2.2"
          }
        }
      }
    },
    "wrappy": {
      "version": "1.0.2",
      "resolved": "https://registry.npmjs.org/wrappy/-/wrappy-1.0.2.tgz",
      "integrity": "sha1-tSQ9jz7BqjXxNkYFvA0QNuMKtp8="
    }
  }
}
